
Microsoft Visual Studio Solution File, Format Version 12.00
# Visual Studio Version 17
VisualStudioVersion = 17.4.33122.133
MinimumVisualStudioVersion = 10.0.40219.1
Project("{9A19103F-16F7-4668-BE54-9A1E7A4F7556}") = "Avalonia.Svg.Sample", "Avalonia.Svg.Sample\Avalonia.Svg.Sample.csproj", "{8719F365-9AFA-43EA-9920-6DFFD206D476}"
EndProject
Project("{9A19103F-16F7-4668-BE54-9A1E7A4F7556}") = "Avalonia.Svg", "Avalonia.Svg\Avalonia.Svg.csproj", "{32EEC229-ECA9-4312-B179-C019E2C56A76}"
EndProject
Project("{FAE04EC0-301F-11D3-BF4B-00C04F79EFBC}") = "Avalonia.Svg.Test", "Avalonia.Svg.Test\Avalonia.Svg.Test.csproj", "{10A87F52-3787-4B3A-A373-DDF7CB0F3A25}"
EndProject
Global
	GlobalSection(SolutionConfigurationPlatforms) = preSolution
		Debug|Any CPU = Debug|Any CPU
		Release|Any CPU = Release|Any CPU
	EndGlobalSection
	GlobalSection(ProjectConfigurationPlatforms) = postSolution
		{8719F365-9AFA-43EA-9920-6DFFD206D476}.Debug|Any CPU.ActiveCfg = Debug|Any CPU
		{8719F365-9AFA-43EA-9920-6DFFD206D476}.Debug|Any CPU.Build.0 = Debug|Any CPU
		{8719F365-9AFA-43EA-9920-6DFFD206D476}.Release|Any CPU.ActiveCfg = Release|Any CPU
		{8719F365-9AFA-43EA-9920-6DFFD206D476}.Release|Any CPU.Build.0 = Release|Any CPU
		{32EEC229-ECA9-4312-B179-C019E2C56A76}.Debug|Any CPU.ActiveCfg = Debug|Any CPU
		{32EEC229-ECA9-4312-B179-C019E2C56A76}.Debug|Any CPU.Build.0 = Debug|Any CPU
		{32EEC229-ECA9-4312-B179-C019E2C56A76}.Release|Any CPU.ActiveCfg = Release|Any CPU
		{32EEC229-ECA9-4312-B179-C019E2C56A76}.Release|Any CPU.Build.0 = Release|Any CPU
		{10A87F52-3787-4B3A-A373-DDF7CB0F3A25}.Debug|Any CPU.ActiveCfg = Debug|Any CPU
		{10A87F52-3787-4B3A-A373-DDF7CB0F3A25}.Debug|Any CPU.Build.0 = Debug|Any CPU
		{10A87F52-3787-4B3A-A373-DDF7CB0F3A25}.Release|Any CPU.ActiveCfg = Release|Any CPU
		{10A87F52-3787-4B3A-A373-DDF7CB0F3A25}.Release|Any CPU.Build.0 = Release|Any CPU
	EndGlobalSection
	GlobalSection(SolutionProperties) = preSolution
		HideSolutionNode = FALSE
	EndGlobalSection
	GlobalSection(ExtensibilityGlobals) = postSolution
		SolutionGuid = {047E197D-F5E1-4A5D-81D3-08EA07243CEA}
	EndGlobalSection
EndGlobal
