
Microsoft Visual Studio Solution File, Format Version 12.00
# Visual Studio Version 17
VisualStudioVersion = 17.4.33122.133
MinimumVisualStudioVersion = 10.0.40219.1
Project("{9A19103F-16F7-4668-BE54-9A1E7A4F7556}") = "Nlnet.Avalonia.Svg", "Nlnet.Avalonia.Svg\Nlnet.Avalonia.Svg.csproj", "{C238D9A2-C3DA-488A-AC57-BF22CFDC2283}"
EndProject
Project("{9A19103F-16F7-4668-BE54-9A1E7A4F7556}") = "Nlnet.Avalonia.Svg.CompileGenerator", "Nlnet.Avalonia.Svg.CompileGenerator\Nlnet.Avalonia.Svg.CompileGenerator.csproj", "{CFCF64DA-48C8-4268-A27B-E39ECCA13B22}"
EndProject
Project("{9A19103F-16F7-4668-BE54-9A1E7A4F7556}") = "Nlnet.Avalonia.Svg.Sample", "Nlnet.Avalonia.Svg.Sample\Nlnet.Avalonia.Svg.Sample.csproj", "{9CFAF59D-F137-4DDC-B380-BE40F9526827}"
EndProject
Project("{9A19103F-16F7-4668-BE54-9A1E7A4F7556}") = "Nlnet.Avalonia.Svg.Test", "Nlnet.Avalonia.Svg.Test\Nlnet.Avalonia.Svg.Test.csproj", "{BD9F6FB2-3D67-4AD2-BE16-02C36FC472F8}"
EndProject
Project("{9A19103F-16F7-4668-BE54-9A1E7A4F7556}") = "Nlnet.Avalonia.MessageBox", "Nlnet.Avalonia.MessageBox\Nlnet.Avalonia.MessageBox.csproj", "{E6B266D1-CB27-4155-958E-6B7CC01E3221}"
EndProject
Project("{2150E333-8FDC-42A3-9474-1A3956D46DE8}") = "Solution Files", "Solution Files", "{C9431D0A-6930-4A3D-BF50-73CA4A561278}"
	ProjectSection(SolutionItems) = preProject
		todo list.txt = todo list.txt
	EndProjectSection
EndProject
Global
	GlobalSection(SolutionConfigurationPlatforms) = preSolution
		Debug|Any CPU = Debug|Any CPU
		Release|Any CPU = Release|Any CPU
	EndGlobalSection
	GlobalSection(ProjectConfigurationPlatforms) = postSolution
		{C238D9A2-C3DA-488A-AC57-BF22CFDC2283}.Debug|Any CPU.ActiveCfg = Debug|Any CPU
		{C238D9A2-C3DA-488A-AC57-BF22CFDC2283}.Debug|Any CPU.Build.0 = Debug|Any CPU
		{C238D9A2-C3DA-488A-AC57-BF22CFDC2283}.Release|Any CPU.ActiveCfg = Release|Any CPU
		{C238D9A2-C3DA-488A-AC57-BF22CFDC2283}.Release|Any CPU.Build.0 = Release|Any CPU
		{CFCF64DA-48C8-4268-A27B-E39ECCA13B22}.Debug|Any CPU.ActiveCfg = Debug|Any CPU
		{CFCF64DA-48C8-4268-A27B-E39ECCA13B22}.Debug|Any CPU.Build.0 = Debug|Any CPU
		{CFCF64DA-48C8-4268-A27B-E39ECCA13B22}.Release|Any CPU.ActiveCfg = Release|Any CPU
		{CFCF64DA-48C8-4268-A27B-E39ECCA13B22}.Release|Any CPU.Build.0 = Release|Any CPU
		{9CFAF59D-F137-4DDC-B380-BE40F9526827}.Debug|Any CPU.ActiveCfg = Debug|Any CPU
		{9CFAF59D-F137-4DDC-B380-BE40F9526827}.Debug|Any CPU.Build.0 = Debug|Any CPU
		{9CFAF59D-F137-4DDC-B380-BE40F9526827}.Release|Any CPU.ActiveCfg = Release|Any CPU
		{9CFAF59D-F137-4DDC-B380-BE40F9526827}.Release|Any CPU.Build.0 = Release|Any CPU
		{BD9F6FB2-3D67-4AD2-BE16-02C36FC472F8}.Debug|Any CPU.ActiveCfg = Debug|Any CPU
		{BD9F6FB2-3D67-4AD2-BE16-02C36FC472F8}.Debug|Any CPU.Build.0 = Debug|Any CPU
		{BD9F6FB2-3D67-4AD2-BE16-02C36FC472F8}.Release|Any CPU.ActiveCfg = Release|Any CPU
		{BD9F6FB2-3D67-4AD2-BE16-02C36FC472F8}.Release|Any CPU.Build.0 = Release|Any CPU
		{E6B266D1-CB27-4155-958E-6B7CC01E3221}.Debug|Any CPU.ActiveCfg = Debug|Any CPU
		{E6B266D1-CB27-4155-958E-6B7CC01E3221}.Debug|Any CPU.Build.0 = Debug|Any CPU
		{E6B266D1-CB27-4155-958E-6B7CC01E3221}.Release|Any CPU.ActiveCfg = Release|Any CPU
		{E6B266D1-CB27-4155-958E-6B7CC01E3221}.Release|Any CPU.Build.0 = Release|Any CPU
	EndGlobalSection
	GlobalSection(SolutionProperties) = preSolution
		HideSolutionNode = FALSE
	EndGlobalSection
	GlobalSection(ExtensibilityGlobals) = postSolution
		SolutionGuid = {047E197D-F5E1-4A5D-81D3-08EA07243CEA}
	EndGlobalSection
EndGlobal
